PODS:
  - Amplify (1.6.0):
    - Amplify/Default (= 1.6.0)
  - Amplify/Default (1.6.0)
  - amplify_auth_cognito (0.0.1):
    - Amplify
    - AmplifyPlugins/AWSCognitoAuthPlugin
    - Flutter
    - ObjectMapper
  - amplify_flutter (0.0.1):
    - Amplify
    - AmplifyPlugins/AWSAPIPlugin
    - AmplifyPlugins/AWSCognitoAuthPlugin
    - AWSPluginsCore
    - Flutter
  - AmplifyPlugins/AWSAPIPlugin (1.6.0):
    - AppSyncRealTimeClient (~> 1.4.0)
    - AWSCore (~> 2.22.0)
    - AWSPluginsCore (= 1.6.0)
  - AmplifyPlugins/AWSCognitoAuthPlugin (1.6.0):
    - AWSAuthCore (~> 2.22.0)
    - AWSCognitoIdentityProvider (~> 2.22.0)
    - AWSCognitoIdentityProviderASF (~> 2.22.0)
    - AWSCore (~> 2.22.0)
    - AWSMobileClient (~> 2.22.0)
    - AWSPluginsCore (= 1.6.0)
  - AppSyncRealTimeClient (1.4.3):
    - Starscream (~> 3.1.0)
  - AWSAuthCore (2.22.2):
    - AWSCore (= 2.22.2)
  - AWSCognitoIdentityProvider (2.22.2):
    - AWSCognitoIdentityProviderASF (= 2.22.2)
    - AWSCore (= 2.22.2)
  - AWSCognitoIdentityProviderASF (2.22.2)
  - AWSCore (2.22.2)
  - AWSMobileClient (2.22.2):
    - AWSAuthCore (= 2.22.2)
    - AWSCognitoIdentityProvider (= 2.22.2)
    - AWSCognitoIdentityProviderASF (= 2.22.2)
    - AWSCore (= 2.22.2)
  - AWSPluginsCore (1.6.0):
    - Amplify (= 1.6.0)
    - AWSCore (~> 2.22.0)
  - camera (0.0.1):
    - Flutter
  - Flutter (1.0.0)
  - ObjectMapper (4.2.0)
  - path_provider (0.0.1):
    - Flutter
  - Starscream (3.1.1)

DEPENDENCIES:
  - amplify_auth_cognito (from `.symlinks/plugins/amplify_auth_cognito/ios`)
  - amplify_flutter (from `.symlinks/plugins/amplify_flutter/ios`)
  - camera (from `.symlinks/plugins/camera/ios`)
  - Flutter (from `Flutter`)
  - path_provider (from `.symlinks/plugins/path_provider/ios`)

SPEC REPOS:
  trunk:
    - Amplify
    - AmplifyPlugins
    - AppSyncRealTimeClient
    - AWSAuthCore
    - AWSCognitoIdentityProvider
    - AWSCognitoIdentityProviderASF
    - AWSCore
    - AWSMobileClient
    - AWSPluginsCore
    - ObjectMapper
    - Starscream

EXTERNAL SOURCES:
  amplify_auth_cognito:
    :path: ".symlinks/plugins/amplify_auth_cognito/ios"
  amplify_flutter:
    :path: ".symlinks/plugins/amplify_flutter/ios"
  camera:
    :path: ".symlinks/plugins/camera/ios"
  Flutter:
    :path: Flutter
  path_provider:
    :path: ".symlinks/plugins/path_provider/ios"

SPEC CHECKSUMS:
  Amplify: fe8cbe6fcd0e6468f537bd49e6c3d15437442576
  amplify_auth_cognito: 21e6e4acd861653d73875ee7d8ddce1a404e23cf
  amplify_flutter: f798a433825189b60e49b9aa512d75cc6a2abdb4
  AmplifyPlugins: 85fa4fa7d0eb78a4f4f44dcf107993a8c13fdf2a
  AppSyncRealTimeClient: 04df4dffe57cfbd06da336d0bfcd5641ba9adcb5
  AWSAuthCore: 6ebee920932858d8f74092a67734599c7e1d04db
  AWSCognitoIdentityProvider: 89fd21fdfc22a33ff86520d2905eac9201a55b69
  AWSCognitoIdentityProviderASF: a5c421ef17e27c226e4d780a24ac3af675cbf57a
  AWSCore: df612cf038f1230dfae4695feb8497c512f1143a
  AWSMobileClient: fd1b6ee5c6129d0cf891417179c854f8df225235
  AWSPluginsCore: d21990b54729e2a95620922ea83e123adaa678cd
  camera: a0ca5080336f7af47b88436e5e26da3dee5568f0
  Flutter: 0e3d915762c693b495b44d77113d4970485de6ec
  ObjectMapper: 1eb41f610210777375fa806bf161dc39fb832b81
  path_provider: abfe2b5c733d04e238b0d8691db0cfd63a27a93c
  Starscream: 4bb2f9942274833f7b4d296a55504dcfc7edb7b0

PODFILE CHECKSUM: 7368163408c647b7eb699d0d788ba6718e18fb8d

COCOAPODS: 1.10.1
